<Solution>
  <Folder Name="/config/" />
  <Folder Name="/config/docker-compose/" />
  <Folder Name="/config/gitlab-ci/" />
  <Folder Name="/src/" />
  <Folder Name="/src/Api/">
    <Project Path="src/BackAlmancen/BackAlmancen.csproj" />
  </Folder>
  <Folder Name="/src/Core/">
    <Project Path="src/BackAlmancen.Application/BackAlmancen.Application.csproj" />
    <Project Path="src/BackAlmancen.Domain/BackAlmancen.Domain.csproj" />
  </Folder>
  <Folder Name="/src/Infrastructure/">
    <Project Path="src/BackAlmancen.Persistence/BackAlmancen.Persistence.csproj" />
  </Folder>
  <Folder Name="/src/Test/">
    <Project Path="src/BackAlmancen.Testing/BackAlmancen.Testing.csproj" Id="40a1824d-4608-4db6-a68b-c5f73197f7c3" />
  </Folder>
  <Folder Name="/_Ignore Items/" />
</Solution>
